
Microsoft Visual Studio Solution File, Format Version 12.00
# Visual Studio 15
VisualStudioVersion = 15.0.28307.539
MinimumVisualStudioVersion = 10.0.40219.1
Project("{FAE04EC0-301F-11D3-BF4B-00C04F79EFBC}") = "laba_1", "laba_1\laba_1.csproj", "{B8634D90-C7F3-44F9-BE94-2BD223C4C853}"
EndProject
Global
	GlobalSection(SolutionConfigurationPlatforms) = preSolution
		Debug|Any CPU = Debug|Any CPU
		Release|Any CPU = Release|Any CPU
	EndGlobalSection
	GlobalSection(ProjectConfigurationPlatforms) = postSolution
		{B8634D90-C7F3-44F9-BE94-2BD223C4C853}.Debug|Any CPU.ActiveCfg = Debug|Any CPU
		{B8634D90-C7F3-44F9-BE94-2BD223C4C853}.Debug|Any CPU.Build.0 = Debug|Any CPU
		{B8634D90-C7F3-44F9-BE94-2BD223C4C853}.Release|Any CPU.ActiveCfg = Release|Any CPU
		{B8634D90-C7F3-44F9-BE94-2BD223C4C853}.Release|Any CPU.Build.0 = Release|Any CPU
	EndGlobalSection
	GlobalSection(SolutionProperties) = preSolution
		HideSolutionNode = FALSE
	EndGlobalSection
	GlobalSection(ExtensibilityGlobals) = postSolution
		SolutionGuid = {B2F7A05B-7C7B-4131-A697-6148D4DC8E28}
	EndGlobalSection
EndGlobal
